
Microsoft Visual Studio Solution File, Format Version 12.00
# Visual Studio Version 16
VisualStudioVersion = 16.0.31321.278
MinimumVisualStudioVersion = 10.0.40219.1
Project("{FAE04EC0-301F-11D3-BF4B-00C04F79EFBC}") = "Zmeyka2", "Zmeyka2\Zmeyka2.csproj", "{071C3D02-18DE-4061-8051-7F0DA7EF1BE3}"
EndProject
Global
	GlobalSection(SolutionConfigurationPlatforms) = preSolution
		Debug|Any CPU = Debug|Any CPU
		Release|Any CPU = Release|Any CPU
	EndGlobalSection
	GlobalSection(ProjectConfigurationPlatforms) = postSolution
		{071C3D02-18DE-4061-8051-7F0DA7EF1BE3}.Debug|Any CPU.ActiveCfg = Debug|Any CPU
		{071C3D02-18DE-4061-8051-7F0DA7EF1BE3}.Debug|Any CPU.Build.0 = Debug|Any CPU
		{071C3D02-18DE-4061-8051-7F0DA7EF1BE3}.Release|Any CPU.ActiveCfg = Release|Any CPU
		{071C3D02-18DE-4061-8051-7F0DA7EF1BE3}.Release|Any CPU.Build.0 = Release|Any CPU
	EndGlobalSection
	GlobalSection(SolutionProperties) = preSolution
		HideSolutionNode = FALSE
	EndGlobalSection
	GlobalSection(ExtensibilityGlobals) = postSolution
		SolutionGuid = {EE6B1680-A072-41A6-B261-C720A39D7DAF}
	EndGlobalSection
EndGlobal
